
Microsoft Visual Studio Solution File, Format Version 12.00
# Visual Studio Version 17
VisualStudioVersion = 17.0.31919.166
MinimumVisualStudioVersion = 10.0.40219.1
Project("{9A19103F-16F7-4668-BE54-9A1E7A4F7556}") = "SingleResponsibilityPrinciple", "SingleResponsibilityPrinciple\SingleResponsibilityPrinciple.csproj", "{7B9C9AD2-0466-4CDF-93EC-C8817CAD1FE9}"
EndProject
Project("{9A19103F-16F7-4668-BE54-9A1E7A4F7556}") = "OpenClosedPrinciple", "OpenClosedPrinciple\OpenClosedPrinciple.csproj", "{43F76EBD-149F-4F2D-A53B-9D41003295D0}"
EndProject
Project("{9A19103F-16F7-4668-BE54-9A1E7A4F7556}") = "LiskovSubstitution", "LiskovSubstitution\LiskovSubstitution.csproj", "{4248AC46-6911-46EE-9005-BEBF3CFE4F81}"
EndProject
Project("{FAE04EC0-301F-11D3-BF4B-00C04F79EFBC}") = "InterfaceSegregationPrinciple", "InterfaceSegregationPrinciple\InterfaceSegregationPrinciple.csproj", "{115D1AFE-F0DC-4E5F-A9BC-323E2A5C354F}"
EndProject
Project("{FAE04EC0-301F-11D3-BF4B-00C04F79EFBC}") = "DependencyInversionPrinciple", "DependencyInversionPrinciple\DependencyInversionPrinciple.csproj", "{68C1B0DA-C780-448F-AA59-5C12183A46ED}"
EndProject
Global
	GlobalSection(SolutionConfigurationPlatforms) = preSolution
		Debug|Any CPU = Debug|Any CPU
		Release|Any CPU = Release|Any CPU
	EndGlobalSection
	GlobalSection(ProjectConfigurationPlatforms) = postSolution
		{7B9C9AD2-0466-4CDF-93EC-C8817CAD1FE9}.Debug|Any CPU.ActiveCfg = Debug|Any CPU
		{7B9C9AD2-0466-4CDF-93EC-C8817CAD1FE9}.Debug|Any CPU.Build.0 = Debug|Any CPU
		{7B9C9AD2-0466-4CDF-93EC-C8817CAD1FE9}.Release|Any CPU.ActiveCfg = Release|Any CPU
		{7B9C9AD2-0466-4CDF-93EC-C8817CAD1FE9}.Release|Any CPU.Build.0 = Release|Any CPU
		{43F76EBD-149F-4F2D-A53B-9D41003295D0}.Debug|Any CPU.ActiveCfg = Debug|Any CPU
		{43F76EBD-149F-4F2D-A53B-9D41003295D0}.Debug|Any CPU.Build.0 = Debug|Any CPU
		{43F76EBD-149F-4F2D-A53B-9D41003295D0}.Release|Any CPU.ActiveCfg = Release|Any CPU
		{43F76EBD-149F-4F2D-A53B-9D41003295D0}.Release|Any CPU.Build.0 = Release|Any CPU
		{4248AC46-6911-46EE-9005-BEBF3CFE4F81}.Debug|Any CPU.ActiveCfg = Debug|Any CPU
		{4248AC46-6911-46EE-9005-BEBF3CFE4F81}.Debug|Any CPU.Build.0 = Debug|Any CPU
		{4248AC46-6911-46EE-9005-BEBF3CFE4F81}.Release|Any CPU.ActiveCfg = Release|Any CPU
		{4248AC46-6911-46EE-9005-BEBF3CFE4F81}.Release|Any CPU.Build.0 = Release|Any CPU
		{115D1AFE-F0DC-4E5F-A9BC-323E2A5C354F}.Debug|Any CPU.ActiveCfg = Debug|Any CPU
		{115D1AFE-F0DC-4E5F-A9BC-323E2A5C354F}.Debug|Any CPU.Build.0 = Debug|Any CPU
		{115D1AFE-F0DC-4E5F-A9BC-323E2A5C354F}.Release|Any CPU.ActiveCfg = Release|Any CPU
		{115D1AFE-F0DC-4E5F-A9BC-323E2A5C354F}.Release|Any CPU.Build.0 = Release|Any CPU
		{68C1B0DA-C780-448F-AA59-5C12183A46ED}.Debug|Any CPU.ActiveCfg = Debug|Any CPU
		{68C1B0DA-C780-448F-AA59-5C12183A46ED}.Debug|Any CPU.Build.0 = Debug|Any CPU
		{68C1B0DA-C780-448F-AA59-5C12183A46ED}.Release|Any CPU.ActiveCfg = Release|Any CPU
		{68C1B0DA-C780-448F-AA59-5C12183A46ED}.Release|Any CPU.Build.0 = Release|Any CPU
	EndGlobalSection
	GlobalSection(SolutionProperties) = preSolution
		HideSolutionNode = FALSE
	EndGlobalSection
	GlobalSection(ExtensibilityGlobals) = postSolution
		SolutionGuid = {82149558-9632-46A4-80E2-E91649E4B9AD}
	EndGlobalSection
EndGlobal
